
Microsoft Visual Studio Solution File, Format Version 12.00
# Visual Studio Version 16
VisualStudioVersion = 16.0.30114.105
MinimumVisualStudioVersion = 10.0.40219.1
Project("{FAE04EC0-301F-11D3-BF4B-00C04F79EFBC}") = "WebApi", "Webapi\WebApi.csproj", "{7494C818-A3A1-4B4F-B389-1F6C234ED15D}"
EndProject
Project("{2150E333-8FDC-42A3-9474-1A3956D46DE8}") = "Tests", "Tests", "{C1065120-4B59-4381-9B8F-FB5798A35728}"
EndProject
Project("{FAE04EC0-301F-11D3-BF4B-00C04F79EFBC}") = "WebApi.UnitTests", "Tests\WebApi.UnitTests\WebApi.UnitTests.csproj", "{7A218572-5C58-4AAD-B9E5-C1A5E417075D}"
EndProject
Project("{FAE04EC0-301F-11D3-BF4B-00C04F79EFBC}") = "WebApi.IntegrationTests", "Tests\WebApi.IntegrationTests\WebApi.IntegrationTests.csproj", "{C4A632A7-7B15-481A-BC53-6A280BD6605A}"
EndProject
Global
	GlobalSection(SolutionConfigurationPlatforms) = preSolution
		Debug|Any CPU = Debug|Any CPU
		Debug|x64 = Debug|x64
		Debug|x86 = Debug|x86
		Release|Any CPU = Release|Any CPU
		Release|x64 = Release|x64
		Release|x86 = Release|x86
	EndGlobalSection
	GlobalSection(SolutionProperties) = preSolution
		HideSolutionNode = FALSE
	EndGlobalSection
	GlobalSection(ProjectConfigurationPlatforms) = postSolution
		{7494C818-A3A1-4B4F-B389-1F6C234ED15D}.Debug|Any CPU.ActiveCfg = Debug|Any CPU
		{7494C818-A3A1-4B4F-B389-1F6C234ED15D}.Debug|Any CPU.Build.0 = Debug|Any CPU
		{7494C818-A3A1-4B4F-B389-1F6C234ED15D}.Debug|x64.ActiveCfg = Debug|Any CPU
		{7494C818-A3A1-4B4F-B389-1F6C234ED15D}.Debug|x64.Build.0 = Debug|Any CPU
		{7494C818-A3A1-4B4F-B389-1F6C234ED15D}.Debug|x86.ActiveCfg = Debug|Any CPU
		{7494C818-A3A1-4B4F-B389-1F6C234ED15D}.Debug|x86.Build.0 = Debug|Any CPU
		{7494C818-A3A1-4B4F-B389-1F6C234ED15D}.Release|Any CPU.ActiveCfg = Release|Any CPU
		{7494C818-A3A1-4B4F-B389-1F6C234ED15D}.Release|Any CPU.Build.0 = Release|Any CPU
		{7494C818-A3A1-4B4F-B389-1F6C234ED15D}.Release|x64.ActiveCfg = Release|Any CPU
		{7494C818-A3A1-4B4F-B389-1F6C234ED15D}.Release|x64.Build.0 = Release|Any CPU
		{7494C818-A3A1-4B4F-B389-1F6C234ED15D}.Release|x86.ActiveCfg = Release|Any CPU
		{7494C818-A3A1-4B4F-B389-1F6C234ED15D}.Release|x86.Build.0 = Release|Any CPU
		{7A218572-5C58-4AAD-B9E5-C1A5E417075D}.Debug|Any CPU.ActiveCfg = Debug|Any CPU
		{7A218572-5C58-4AAD-B9E5-C1A5E417075D}.Debug|Any CPU.Build.0 = Debug|Any CPU
		{7A218572-5C58-4AAD-B9E5-C1A5E417075D}.Debug|x64.ActiveCfg = Debug|Any CPU
		{7A218572-5C58-4AAD-B9E5-C1A5E417075D}.Debug|x64.Build.0 = Debug|Any CPU
		{7A218572-5C58-4AAD-B9E5-C1A5E417075D}.Debug|x86.ActiveCfg = Debug|Any CPU
		{7A218572-5C58-4AAD-B9E5-C1A5E417075D}.Debug|x86.Build.0 = Debug|Any CPU
		{7A218572-5C58-4AAD-B9E5-C1A5E417075D}.Release|Any CPU.ActiveCfg = Release|Any CPU
		{7A218572-5C58-4AAD-B9E5-C1A5E417075D}.Release|Any CPU.Build.0 = Release|Any CPU
		{7A218572-5C58-4AAD-B9E5-C1A5E417075D}.Release|x64.ActiveCfg = Release|Any CPU
		{7A218572-5C58-4AAD-B9E5-C1A5E417075D}.Release|x64.Build.0 = Release|Any CPU
		{7A218572-5C58-4AAD-B9E5-C1A5E417075D}.Release|x86.ActiveCfg = Release|Any CPU
		{7A218572-5C58-4AAD-B9E5-C1A5E417075D}.Release|x86.Build.0 = Release|Any CPU
		{C4A632A7-7B15-481A-BC53-6A280BD6605A}.Debug|Any CPU.ActiveCfg = Debug|Any CPU
		{C4A632A7-7B15-481A-BC53-6A280BD6605A}.Debug|Any CPU.Build.0 = Debug|Any CPU
		{C4A632A7-7B15-481A-BC53-6A280BD6605A}.Debug|x64.ActiveCfg = Debug|Any CPU
		{C4A632A7-7B15-481A-BC53-6A280BD6605A}.Debug|x64.Build.0 = Debug|Any CPU
		{C4A632A7-7B15-481A-BC53-6A280BD6605A}.Debug|x86.ActiveCfg = Debug|Any CPU
		{C4A632A7-7B15-481A-BC53-6A280BD6605A}.Debug|x86.Build.0 = Debug|Any CPU
		{C4A632A7-7B15-481A-BC53-6A280BD6605A}.Release|Any CPU.ActiveCfg = Release|Any CPU
		{C4A632A7-7B15-481A-BC53-6A280BD6605A}.Release|Any CPU.Build.0 = Release|Any CPU
		{C4A632A7-7B15-481A-BC53-6A280BD6605A}.Release|x64.ActiveCfg = Release|Any CPU
		{C4A632A7-7B15-481A-BC53-6A280BD6605A}.Release|x64.Build.0 = Release|Any CPU
		{C4A632A7-7B15-481A-BC53-6A280BD6605A}.Release|x86.ActiveCfg = Release|Any CPU
		{C4A632A7-7B15-481A-BC53-6A280BD6605A}.Release|x86.Build.0 = Release|Any CPU
	EndGlobalSection
	GlobalSection(NestedProjects) = preSolution
		{7A218572-5C58-4AAD-B9E5-C1A5E417075D} = {C1065120-4B59-4381-9B8F-FB5798A35728}
		{C4A632A7-7B15-481A-BC53-6A280BD6605A} = {C1065120-4B59-4381-9B8F-FB5798A35728}
	EndGlobalSection
EndGlobal
